Microsoft Visual Studio Solution File, Format Version 12.00
# Visual Studio Version 17
VisualStudioVersion = 17.5.2.0
MinimumVisualStudioVersion = 10.0.40219.1
Project("{FAE04EC0-301F-11D3-BF4B-00C04F79EFBC}") = "Colombian_Coffe", "Colombian_Coffe\Colombian_Coffe.csproj", "{34C9FC0A-760F-E673-0C74-0FDBE55AA2AB}"
EndProject
Global
	GlobalSection(SolutionConfigurationPlatforms) = preSolution
		Debug|Any CPU = Debug|Any CPU
		Release|Any CPU = Release|Any CPU
	EndGlobalSection
	GlobalSection(ProjectConfigurationPlatforms) = postSolution
		{34C9FC0A-760F-E673-0C74-0FDBE55AA2AB}.Debug|Any CPU.ActiveCfg = Debug|Any CPU
		{34C9FC0A-760F-E673-0C74-0FDBE55AA2AB}.Debug|Any CPU.Build.0 = Debug|Any CPU
		{34C9FC0A-760F-E673-0C74-0FDBE55AA2AB}.Release|Any CPU.ActiveCfg = Release|Any CPU
		{34C9FC0A-760F-E673-0C74-0FDBE55AA2AB}.Release|Any CPU.Build.0 = Release|Any CPU
	EndGlobalSection
	GlobalSection(SolutionProperties) = preSolution
		HideSolutionNode = FALSE
	EndGlobalSection
	GlobalSection(ExtensibilityGlobals) = postSolution
		SolutionGuid = {8AD747E6-66AF-4984-8F69-2839CF9D1AFB}
	EndGlobalSection
EndGlobal
